
Microsoft Visual Studio Solution File, Format Version 12.00
# Visual Studio Version 17
VisualStudioVersion = 17.5.33516.290
MinimumVisualStudioVersion = 10.0.40219.1
Project("{FAE04EC0-301F-11D3-BF4B-00C04F79EFBC}") = "DataDecommision", "DataDecommision.csproj", "{2C866D94-ECE5-496B-98CD-EF1F7D328C37}"
EndProject
Global
	GlobalSection(SolutionConfigurationPlatforms) = preSolution
		Debug|Any CPU = Debug|Any CPU
		Release|Any CPU = Release|Any CPU
	EndGlobalSection
	GlobalSection(ProjectConfigurationPlatforms) = postSolution
		{2C866D94-ECE5-496B-98CD-EF1F7D328C37}.Debug|Any CPU.ActiveCfg = Debug|Any CPU
		{2C866D94-ECE5-496B-98CD-EF1F7D328C37}.Debug|Any CPU.Build.0 = Debug|Any CPU
		{2C866D94-ECE5-496B-98CD-EF1F7D328C37}.Release|Any CPU.ActiveCfg = Release|Any CPU
		{2C866D94-ECE5-496B-98CD-EF1F7D328C37}.Release|Any CPU.Build.0 = Release|Any CPU
	EndGlobalSection
	GlobalSection(SolutionProperties) = preSolution
		HideSolutionNode = FALSE
	EndGlobalSection
	GlobalSection(ExtensibilityGlobals) = postSolution
		SolutionGuid = {90FB928D-272D-4567-A7E9-984C4BFD254D}
	EndGlobalSection
EndGlobal
